
Microsoft Visual Studio Solution File, Format Version 12.00
# Visual Studio 2017
Project("{FAE04EC0-301F-11D3-BF4B-00C04F79EFBC}") = "UnspokenUnity", "UnspokenUnity.csproj", "{DDE21266-F192-CF77-C678-4891DED8484E}"
EndProject
Global
	GlobalSection(SolutionConfigurationPlatforms) = preSolution
		Debug|Any CPU = Debug|Any CPU
		Release|Any CPU = Release|Any CPU
	EndGlobalSection
	GlobalSection(ProjectConfigurationPlatforms) = postSolution
		{DDE21266-F192-CF77-C678-4891DED8484E}.Debug|Any CPU.ActiveCfg = Debug|Any CPU
		{DDE21266-F192-CF77-C678-4891DED8484E}.Debug|Any CPU.Build.0 = Debug|Any CPU
		{DDE21266-F192-CF77-C678-4891DED8484E}.Release|Any CPU.ActiveCfg = Release|Any CPU
		{DDE21266-F192-CF77-C678-4891DED8484E}.Release|Any CPU.Build.0 = Release|Any CPU
	EndGlobalSection
	GlobalSection(SolutionProperties) = preSolution
		HideSolutionNode = FALSE
	EndGlobalSection
EndGlobal
