
Microsoft Visual Studio Solution File, Format Version 12.00
# Visual Studio 2015
Project("{FAE04EC0-301F-11D3-BF4B-00C04F79EFBC}") = "UnspokenUnity.CSharp", "UnspokenUnity.CSharp.csproj", "{BCFAFA5B-6726-D346-23CD-5E18DED33C47}"
EndProject
Global
	GlobalSection(SolutionConfigurationPlatforms) = preSolution
		Debug|Any CPU = Debug|Any CPU
		Release|Any CPU = Release|Any CPU
	EndGlobalSection
	GlobalSection(ProjectConfigurationPlatforms) = postSolution
		{BCFAFA5B-6726-D346-23CD-5E18DED33C47}.Debug|Any CPU.ActiveCfg = Debug|Any CPU
		{BCFAFA5B-6726-D346-23CD-5E18DED33C47}.Debug|Any CPU.Build.0 = Debug|Any CPU
		{BCFAFA5B-6726-D346-23CD-5E18DED33C47}.Release|Any CPU.ActiveCfg = Release|Any CPU
		{BCFAFA5B-6726-D346-23CD-5E18DED33C47}.Release|Any CPU.Build.0 = Release|Any CPU
	EndGlobalSection
	GlobalSection(SolutionProperties) = preSolution
		HideSolutionNode = FALSE
	EndGlobalSection
EndGlobal
