
Microsoft Visual Studio Solution File, Format Version 11.00
# Visual Studio 2010
Project("{FAE04EC0-301F-11D3-BF4B-00C04F79EFBC}") = "UnspokenUnity", "Assembly-CSharp-firstpass.csproj", "{8E26A576-2B26-D331-B2A1-57191C7B8229}"
EndProject
Project("{FAE04EC0-301F-11D3-BF4B-00C04F79EFBC}") = "UnspokenUnity", "Assembly-CSharp.csproj", "{55753A51-F7EA-3F16-D99E-E9F9B0392427}"
EndProject
Project("{FAE04EC0-301F-11D3-BF4B-00C04F79EFBC}") = "UnspokenUnity", "Assembly-CSharp-Editor.csproj", "{31C74884-631B-50EF-27E4-B488CDA5E96D}"
EndProject
Global
	GlobalSection(SolutionConfigurationPlatforms) = preSolution
		Debug|Any CPU = Debug|Any CPU
		Release|Any CPU = Release|Any CPU
	EndGlobalSection
	GlobalSection(ProjectConfigurationPlatforms) = postSolution
		{8E26A576-2B26-D331-B2A1-57191C7B8229}.Debug|Any CPU.ActiveCfg = Debug|Any CPU
		{8E26A576-2B26-D331-B2A1-57191C7B8229}.Debug|Any CPU.Build.0 = Debug|Any CPU
		{8E26A576-2B26-D331-B2A1-57191C7B8229}.Release|Any CPU.ActiveCfg = Release|Any CPU
		{8E26A576-2B26-D331-B2A1-57191C7B8229}.Release|Any CPU.Build.0 = Release|Any CPU
		{55753A51-F7EA-3F16-D99E-E9F9B0392427}.Debug|Any CPU.ActiveCfg = Debug|Any CPU
		{55753A51-F7EA-3F16-D99E-E9F9B0392427}.Debug|Any CPU.Build.0 = Debug|Any CPU
		{55753A51-F7EA-3F16-D99E-E9F9B0392427}.Release|Any CPU.ActiveCfg = Release|Any CPU
		{55753A51-F7EA-3F16-D99E-E9F9B0392427}.Release|Any CPU.Build.0 = Release|Any CPU
		{31C74884-631B-50EF-27E4-B488CDA5E96D}.Debug|Any CPU.ActiveCfg = Debug|Any CPU
		{31C74884-631B-50EF-27E4-B488CDA5E96D}.Debug|Any CPU.Build.0 = Debug|Any CPU
		{31C74884-631B-50EF-27E4-B488CDA5E96D}.Release|Any CPU.ActiveCfg = Release|Any CPU
		{31C74884-631B-50EF-27E4-B488CDA5E96D}.Release|Any CPU.Build.0 = Release|Any CPU
	EndGlobalSection
	GlobalSection(SolutionProperties) = preSolution
		HideSolutionNode = FALSE
	EndGlobalSection
	GlobalSection(MonoDevelopProperties) = preSolution
		StartupItem = Assembly-CSharp.csproj
	EndGlobalSection
EndGlobal
